
Microsoft Visual Studio Solution File, Format Version 12.00
# Visual Studio Version 17
VisualStudioVersion = 17.1.31911.260
MinimumVisualStudioVersion = 10.0.40219.1
Project("{FAE04EC0-301F-11D3-BF4B-00C04F79EFBC}") = "WOTCH", "WOTCH.csproj", "{84700929-D0F8-4440-AEB5-8E556B8C42C0}"
EndProject
Global
	GlobalSection(SolutionConfigurationPlatforms) = preSolution
		Debug|Any CPU = Debug|Any CPU
		Release|Any CPU = Release|Any CPU
	EndGlobalSection
	GlobalSection(ProjectConfigurationPlatforms) = postSolution
		{84700929-D0F8-4440-AEB5-8E556B8C42C0}.Debug|Any CPU.ActiveCfg = Debug|Any CPU
		{84700929-D0F8-4440-AEB5-8E556B8C42C0}.Debug|Any CPU.Build.0 = Debug|Any CPU
		{84700929-D0F8-4440-AEB5-8E556B8C42C0}.Release|Any CPU.ActiveCfg = Release|Any CPU
		{84700929-D0F8-4440-AEB5-8E556B8C42C0}.Release|Any CPU.Build.0 = Release|Any CPU
	EndGlobalSection
	GlobalSection(SolutionProperties) = preSolution
		HideSolutionNode = FALSE
	EndGlobalSection
	GlobalSection(ExtensibilityGlobals) = postSolution
		SolutionGuid = {DA781E87-24E7-476A-8C8F-73C7D80F821C}
	EndGlobalSection
EndGlobal
